
Microsoft Visual Studio Solution File, Format Version 12.00
# Visual Studio Version 17
VisualStudioVersion = 17.5.33502.453
MinimumVisualStudioVersion = 10.0.40219.1
Project("{9A19103F-16F7-4668-BE54-9A1E7A4F7556}") = "ToDoAPI", "ToDoAPI\ToDoAPI.csproj", "{A08CB778-9210-4BE3-8B40-5FF0F379ABB5}"
EndProject
Project("{9A19103F-16F7-4668-BE54-9A1E7A4F7556}") = "ToDoListWeb", "ToDoListWeb\ToDoListWeb.csproj", "{1C1B394B-65C6-4629-AD6C-70B12DAB9A4F}"
EndProject
Project("{FAE04EC0-301F-11D3-BF4B-00C04F79EFBC}") = "ToDoListMobile", "ToDoListMobile\ToDoListMobile.csproj", "{46CAABD9-0A4C-4E2C-B06B-69BFBEAF4F9B}"
EndProject
Global
	GlobalSection(SolutionConfigurationPlatforms) = preSolution
		Debug|Any CPU = Debug|Any CPU
		Release|Any CPU = Release|Any CPU
	EndGlobalSection
	GlobalSection(ProjectConfigurationPlatforms) = postSolution
		{A08CB778-9210-4BE3-8B40-5FF0F379ABB5}.Debug|Any CPU.ActiveCfg = Debug|Any CPU
		{A08CB778-9210-4BE3-8B40-5FF0F379ABB5}.Debug|Any CPU.Build.0 = Debug|Any CPU
		{A08CB778-9210-4BE3-8B40-5FF0F379ABB5}.Release|Any CPU.ActiveCfg = Release|Any CPU
		{A08CB778-9210-4BE3-8B40-5FF0F379ABB5}.Release|Any CPU.Build.0 = Release|Any CPU
		{1C1B394B-65C6-4629-AD6C-70B12DAB9A4F}.Debug|Any CPU.ActiveCfg = Debug|Any CPU
		{1C1B394B-65C6-4629-AD6C-70B12DAB9A4F}.Debug|Any CPU.Build.0 = Debug|Any CPU
		{1C1B394B-65C6-4629-AD6C-70B12DAB9A4F}.Release|Any CPU.ActiveCfg = Release|Any CPU
		{1C1B394B-65C6-4629-AD6C-70B12DAB9A4F}.Release|Any CPU.Build.0 = Release|Any CPU
		{46CAABD9-0A4C-4E2C-B06B-69BFBEAF4F9B}.Debug|Any CPU.ActiveCfg = Debug|Any CPU
		{46CAABD9-0A4C-4E2C-B06B-69BFBEAF4F9B}.Debug|Any CPU.Build.0 = Debug|Any CPU
		{46CAABD9-0A4C-4E2C-B06B-69BFBEAF4F9B}.Debug|Any CPU.Deploy.0 = Debug|Any CPU
		{46CAABD9-0A4C-4E2C-B06B-69BFBEAF4F9B}.Release|Any CPU.ActiveCfg = Release|Any CPU
		{46CAABD9-0A4C-4E2C-B06B-69BFBEAF4F9B}.Release|Any CPU.Build.0 = Release|Any CPU
		{46CAABD9-0A4C-4E2C-B06B-69BFBEAF4F9B}.Release|Any CPU.Deploy.0 = Release|Any CPU
	EndGlobalSection
	GlobalSection(SolutionProperties) = preSolution
		HideSolutionNode = FALSE
	EndGlobalSection
	GlobalSection(ExtensibilityGlobals) = postSolution
		SolutionGuid = {62C4CFF2-0B49-4CCB-BFFD-5386477A8764}
	EndGlobalSection
EndGlobal
